// !$*UTF8*$!
{
	archiveVersion = 1;
	classes = {
	};
	objectVersion = 50;
	objects = {

/* Begin PBXBuildFile section */
		CA33C3FD2551FDD600DDF00B /* AppDelegate.swift in Sources */ = {isa = PBXBuildFile; fileRef = CA33C3FC2551FDD600DDF00B /* AppDelegate.swift */; };
		CA33C3FF2551FDD600DDF00B /* SceneDelegate.swift in Sources */ = {isa = PBXBuildFile; fileRef = CA33C3FE2551FDD600DDF00B /* SceneDelegate.swift */; };
		CA33C4012551FDD600DDF00B /* ContentView.swift in Sources */ = {isa = PBXBuildFile; fileRef = CA33C4002551FDD600DDF00B /* ContentView.swift */; };
		CA33C4032551FDD700DDF00B /* Assets.xcassets in Resources */ = {isa = PBXBuildFile; fileRef = CA33C4022551FDD700DDF00B /* Assets.xcassets */; };
		CA33C4062551FDD700DDF00B /* Preview Assets.xcassets in Resources */ = {isa = PBXBuildFile; fileRef = CA33C4052551FDD700DDF00B /* Preview Assets.xcassets */; };
		CA33C4092551FDD700DDF00B /* LaunchScreen.storyboard in Resources */ = {isa = PBXBuildFile; fileRef = CA33C4072551FDD700DDF00B /* LaunchScreen.storyboard */; };
		CA33C4132552009B00DDF00B /* NetworkManager.swift in Sources */ = {isa = PBXBuildFile; fileRef = CA33C4122552009B00DDF00B /* NetworkManager.swift */; };
		CA33C417255201A700DDF00B /* PostData.swift in Sources */ = {isa = PBXBuildFile; fileRef = CA33C416255201A700DDF00B /* PostData.swift */; };
		CA33C41C255207B900DDF00B /* DetailView.swift in Sources */ = {isa = PBXBuildFile; fileRef = CA33C41B255207B900DDF00B /* DetailView.swift */; };
		CA33C41F25520AE300DDF00B /* WebView.swift in Sources */ = {isa = PBXBuildFile; fileRef = CA33C41E25520AE300DDF00B /* WebView.swift */; };
/* End PBXBuildFile section */

/* Begin PBXFileReference section */
		CA33C3F92551FDD600DDF00B /* H4X0R News.app */ = {isa = PBXFileReference; explicitFileType = wrapper.application; includeInIndex = 0; path = "H4X0R News.app"; sourceTree = BUILT_PRODUCTS_DIR; };
		CA33C3FC2551FDD600DDF00B /* AppDelegate.swift */ = {isa = PBXFileReference; lastKnownFileType = sourcecode.swift; path = AppDelegate.swift; sourceTree = "<group>"; };
		CA33C3FE2551FDD600DDF00B /* SceneDelegate.swift */ = {isa = PBXFileReference; lastKnownFileType = sourcecode.swift; path = SceneDelegate.swift; sourceTree = "<group>"; };
		CA33C4002551FDD600DDF00B /* ContentView.swift */ = {isa = PBXFileReference; lastKnownFileType = sourcecode.swift; path = ContentView.swift; sourceTree = "<group>"; };
		CA33C4022551FDD700DDF00B /* Assets.xcassets */ = {isa = PBXFileReference; lastKnownFileType = folder.assetcatalog; path = Assets.xcassets; sourceTree = "<group>"; };
		CA33C4052551FDD700DDF00B /* Preview Assets.xcassets */ = {isa = PBXFileReference; lastKnownFileType = folder.assetcatalog; path = "Preview Assets.xcassets"; sourceTree = "<group>"; };
		CA33C4082551FDD700DDF00B /* Base */ = {isa = PBXFileReference; lastKnownFileType = file.storyboard; name = Base; path = Base.lproj/LaunchScreen.storyboard; sourceTree = "<group>"; };
		CA33C40A2551FDD700DDF00B /* Info.plist */ = {isa = PBXFileReference; lastKnownFileType = text.plist.xml; path = Info.plist; sourceTree = "<group>"; };
		CA33C4122552009B00DDF00B /* NetworkManager.swift */ = {isa = PBXFileReference; lastKnownFileType = sourcecode.swift; path = NetworkManager.swift; sourceTree = "<group>"; };
		CA33C416255201A700DDF00B /* PostData.swift */ = {isa = PBXFileReference; lastKnownFileType = sourcecode.swift; path = PostData.swift; sourceTree = "<group>"; };
		CA33C41B255207B900DDF00B /* DetailView.swift */ = {isa = PBXFileReference; lastKnownFileType = sourcecode.swift; path = DetailView.swift; sourceTree = "<group>"; };
		CA33C41E25520AE300DDF00B /* WebView.swift */ = {isa = PBXFileReference; lastKnownFileType = sourcecode.swift; path = WebView.swift; sourceTree = "<group>"; };
		CA33C42125520CBE00DDF00B /* H4X0R News.entitlements */ = {isa = PBXFileReference; lastKnownFileType = text.plist.entitlements; path = "H4X0R News.entitlements"; sourceTree = "<group>"; };
/* End PBXFileReference section */

/* Begin PBXFrameworksBuildPhase section */
		CA33C3F62551FDD600DDF00B /* Frameworks */ = {
			isa = PBXFrameworksBuildPhase;
			buildActionMask = 2147483647;
			files = (
			);
			runOnlyForDeploymentPostprocessing = 0;
		};
/* End PBXFrameworksBuildPhase section */

/* Begin PBXGroup section */
		CA33C3F02551FDD600DDF00B = {
			isa = PBXGroup;
			children = (
				CA33C3FB2551FDD600DDF00B /* H4X0R News */,
				CA33C3FA2551FDD600DDF00B /* Products */,
			);
			sourceTree = "<group>";
		};
		CA33C3FA2551FDD600DDF00B /* Products */ = {
			isa = PBXGroup;
			children = (
				CA33C3F92551FDD600DDF00B /* H4X0R News.app */,
			);
			name = Products;
			sourceTree = "<group>";
		};
		CA33C3FB2551FDD600DDF00B /* H4X0R News */ = {
			isa = PBXGroup;
			children = (
				CA33C42125520CBE00DDF00B /* H4X0R News.entitlements */,
				CA33C4112552007F00DDF00B /* Models */,
				CA33C3FC2551FDD600DDF00B /* AppDelegate.swift */,
				CA33C3FE2551FDD600DDF00B /* SceneDelegate.swift */,
				CA33C4192552073F00DDF00B /* Views */,
				CA33C4022551FDD700DDF00B /* Assets.xcassets */,
				CA33C4072551FDD700DDF00B /* LaunchScreen.storyboard */,
				CA33C40A2551FDD700DDF00B /* Info.plist */,
				CA33C4042551FDD700DDF00B /* Preview Content */,
			);
			path = "H4X0R News";
			sourceTree = "<group>";
		};
		CA33C4042551FDD700DDF00B /* Preview Content */ = {
			isa = PBXGroup;
			children = (
				CA33C4052551FDD700DDF00B /* Preview Assets.xcassets */,
			);
			path = "Preview Content";
			sourceTree = "<group>";
		};
		CA33C4112552007F00DDF00B /* Models */ = {
			isa = PBXGroup;
			children = (
				CA33C4122552009B00DDF00B /* NetworkManager.swift */,
				CA33C416255201A700DDF00B /* PostData.swift */,
			);
			path = Models;
			sourceTree = "<group>";
		};
		CA33C4192552073F00DDF00B /* Views */ = {
			isa = PBXGroup;
			children = (
				CA33C4002551FDD600DDF00B /* ContentView.swift */,
				CA33C41B255207B900DDF00B /* DetailView.swift */,
				CA33C41E25520AE300DDF00B /* WebView.swift */,
			);
			path = Views;
			sourceTree = "<group>";
		};
/* End PBXGroup section */

/* Begin PBXNativeTarget section */
		CA33C3F82551FDD600DDF00B /* H4X0R News */ = {
			isa = PBXNativeTarget;
			buildConfigurationList = CA33C40D2551FDD700DDF00B /* Build configuration list for PBXNativeTarget "H4X0R News" */;
			buildPhases = (
				CA33C3F52551FDD600DDF00B /* Sources */,
				CA33C3F62551FDD600DDF00B /* Frameworks */,
				CA33C3F72551FDD600DDF00B /* Resources */,
			);
			buildRules = (
			);
			dependencies = (
			);
			name = "H4X0R News";
			productName = "H4X0R News";
			productReference = CA33C3F92551FDD600DDF00B /* H4X0R News.app */;
			productType = "com.apple.product-type.application";
		};
/* End PBXNativeTarget section */

/* Begin PBXProject section */
		CA33C3F12551FDD600DDF00B /* Project object */ = {
			isa = PBXProject;
			attributes = {
				LastSwiftUpdateCheck = 1200;
				LastUpgradeCheck = 1200;
				TargetAttributes = {
					CA33C3F82551FDD600DDF00B = {
						CreatedOnToolsVersion = 12.0.1;
					};
				};
			};
			buildConfigurationList = CA33C3F42551FDD600DDF00B /* Build configuration list for PBXProject "H4X0R News" */;
			compatibilityVersion = "Xcode 9.3";
			developmentRegion = en;
			hasScannedForEncodings = 0;
			knownRegions = (
				en,
				Base,
			);
			mainGroup = CA33C3F02551FDD600DDF00B;
			productRefGroup = CA33C3FA2551FDD600DDF00B /* Products */;
			projectDirPath = "";
			projectRoot = "";
			targets = (
				CA33C3F82551FDD600DDF00B /* H4X0R News */,
			);
		};
/* End PBXProject section */

/* Begin PBXResourcesBuildPhase section */
		CA33C3F72551FDD600DDF00B /* Resources */ = {
			isa = PBXResourcesBuildPhase;
			buildActionMask = 2147483647;
			files = (
				CA33C4092551FDD700DDF00B /* LaunchScreen.storyboard in Resources */,
				CA33C4062551FDD700DDF00B /* Preview Assets.xcassets in Resources */,
				CA33C4032551FDD700DDF00B /* Assets.xcassets in Resources */,
			);
			runOnlyForDeploymentPostprocessing = 0;
		};
/* End PBXResourcesBuildPhase section */

/* Begin PBXSourcesBuildPhase section */
		CA33C3F52551FDD600DDF00B /* Sources */ = {
			isa = PBXSourcesBuildPhase;
			buildActionMask = 2147483647;
			files = (
				CA33C417255201A700DDF00B /* PostData.swift in Sources */,
				CA33C41C255207B900DDF00B /* DetailView.swift in Sources */,
				CA33C4132552009B00DDF00B /* NetworkManager.swift in Sources */,
				CA33C3FD2551FDD600DDF00B /* AppDelegate.swift in Sources */,
				CA33C3FF2551FDD600DDF00B /* SceneDelegate.swift in Sources */,
				CA33C4012551FDD600DDF00B /* ContentView.swift in Sources */,
				CA33C41F25520AE300DDF00B /* WebView.swift in Sources */,
			);
			runOnlyForDeploymentPostprocessing = 0;
		};
/* End PBXSourcesBuildPhase section */

/* Begin PBXVariantGroup section */
		CA33C4072551FDD700DDF00B /* LaunchScreen.storyboard */ = {
			isa = PBXVariantGroup;
			children = (
				CA33C4082551FDD700DDF00B /* Base */,
			);
			name = LaunchScreen.storyboard;
			sourceTree = "<group>";
		};
/* End PBXVariantGroup section */

/* Begin XCBuildConfiguration section */
		CA33C40B2551FDD700DDF00B /* Debug */ = {
			isa = XCBuildConfiguration;
			buildSettings = {
				ALWAYS_SEARCH_USER_PATHS = NO;
				CLANG_ANALYZER_NONNULL = YES;
				CLANG_ANALYZER_NUMBER_OBJECT_CONVERSION = YES_AGGRESSIVE;
				CLANG_CXX_LANGUAGE_STANDARD = "gnu++14";
				CLANG_CXX_LIBRARY = "libc++";
				CLANG_ENABLE_MODULES = YES;
				CLANG_ENABLE_OBJC_ARC = YES;
				CLANG_ENABLE_OBJC_WEAK = YES;
				CLANG_WARN_BLOCK_CAPTURE_AUTORELEASING = YES;
				CLANG_WARN_BOOL_CONVERSION = YES;
				CLANG_WARN_COMMA = YES;
				CLANG_WARN_CONSTANT_CONVERSION = YES;
				CLANG_WARN_DEPRECATED_OBJC_IMPLEMENTATIONS = YES;
				CLANG_WARN_DIRECT_OBJC_ISA_USAGE = YES_ERROR;
				CLANG_WARN_DOCUMENTATION_COMMENTS = YES;
				CLANG_WARN_EMPTY_BODY = YES;
				CLANG_WARN_ENUM_CONVERSION = YES;
				CLANG_WARN_INFINITE_RECURSION = YES;
				CLANG_WARN_INT_CONVERSION = YES;
				CLANG_WARN_NON_LITERAL_NULL_CONVERSION = YES;
				CLANG_WARN_OBJC_IMPLICIT_RETAIN_SELF = YES;
				CLANG_WARN_OBJC_LITERAL_CONVERSION = YES;
				CLANG_WARN_OBJC_ROOT_CLASS = YES_ERROR;
				CLANG_WARN_QUOTED_INCLUDE_IN_FRAMEWORK_HEADER = YES;
				CLANG_WARN_RANGE_LOOP_ANALYSIS = YES;
				CLANG_WARN_STRICT_PROTOTYPES = YES;
				CLANG_WARN_SUSPICIOUS_MOVE = YES;
				CLANG_WARN_UNGUARDED_AVAILABILITY = YES_AGGRESSIVE;
				CLANG_WARN_UNREACHABLE_CODE = YES;
				CLANG_WARN__DUPLICATE_METHOD_MATCH = YES;
				COPY_PHASE_STRIP = NO;
				DEBUG_INFORMATION_FORMAT = dwarf;
				ENABLE_STRICT_OBJC_MSGSEND = YES;
				ENABLE_TESTABILITY = YES;
				GCC_C_LANGUAGE_STANDARD = gnu11;
				GCC_DYNAMIC_NO_PIC = NO;
				GCC_NO_COMMON_BLOCKS = YES;
				GCC_OPTIMIZATION_LEVEL = 0;
				GCC_PREPROCESSOR_DEFINITIONS = (
					"DEBUG=1",
					"$(inherited)",
				);
				GCC_WARN_64_TO_32_BIT_CONVERSION = YES;
				GCC_WARN_ABOUT_RETURN_TYPE = YES_ERROR;
				GCC_WARN_UNDECLARED_SELECTOR = YES;
				GCC_WARN_UNINITIALIZED_AUTOS = YES_AGGRESSIVE;
				GCC_WARN_UNUSED_FUNCTION = YES;
				GCC_WARN_UNUSED_VARIABLE = YES;
				IPHONEOS_DEPLOYMENT_TARGET = 14.0;
				MTL_ENABLE_DEBUG_INFO = INCLUDE_SOURCE;
				MTL_FAST_MATH = YES;
				ONLY_ACTIVE_ARCH = YES;
				SDKROOT = iphoneos;
				SWIFT_ACTIVE_COMPILATION_CONDITIONS = DEBUG;
				SWIFT_OPTIMIZATION_LEVEL = "-Onone";
			};
			name = Debug;
		};
		CA33C40C2551FDD700DDF00B /* Release */ = {
			isa = XCBuildConfiguration;
			buildSettings = {
				ALWAYS_SEARCH_USER_PATHS = NO;
				CLANG_ANALYZER_NONNULL = YES;
				CLANG_ANALYZER_NUMBER_OBJECT_CONVERSION = YES_AGGRESSIVE;
				CLANG_CXX_LANGUAGE_STANDARD = "gnu++14";
				CLANG_CXX_LIBRARY = "libc++";
				CLANG_ENABLE_MODULES = YES;
				CLANG_ENABLE_OBJC_ARC = YES;
				CLANG_ENABLE_OBJC_WEAK = YES;
				CLANG_WARN_BLOCK_CAPTURE_AUTORELEASING = YES;
				CLANG_WARN_BOOL_CONVERSION = YES;
				CLANG_WARN_COMMA = YES;
				CLANG_WARN_CONSTANT_CONVERSION = YES;
				CLANG_WARN_DEPRECATED_OBJC_IMPLEMENTATIONS = YES;
				CLANG_WARN_DIRECT_OBJC_ISA_USAGE = YES_ERROR;
				CLANG_WARN_DOCUMENTATION_COMMENTS = YES;
				CLANG_WARN_EMPTY_BODY = YES;
				CLANG_WARN_ENUM_CONVERSION = YES;
				CLANG_WARN_INFINITE_RECURSION = YES;
				CLANG_WARN_INT_CONVERSION = YES;
				CLANG_WARN_NON_LITERAL_NULL_CONVERSION = YES;
				CLANG_WARN_OBJC_IMPLICIT_RETAIN_SELF = YES;
				CLANG_WARN_OBJC_LITERAL_CONVERSION = YES;
				CLANG_WARN_OBJC_ROOT_CLASS = YES_ERROR;
				CLANG_WARN_QUOTED_INCLUDE_IN_FRAMEWORK_HEADER = YES;
				CLANG_WARN_RANGE_LOOP_ANALYSIS = YES;
				CLANG_WARN_STRICT_PROTOTYPES = YES;
				CLANG_WARN_SUSPICIOUS_MOVE = YES;
				CLANG_WARN_UNGUARDED_AVAILABILITY = YES_AGGRESSIVE;
				CLANG_WARN_UNREACHABLE_CODE = YES;
				CLANG_WARN__DUPLICATE_METHOD_MATCH = YES;
				COPY_PHASE_STRIP = NO;
				DEBUG_INFORMATION_FORMAT = "dwarf-with-dsym";
				ENABLE_NS_ASSERTIONS = NO;
				ENABLE_STRICT_OBJC_MSGSEND = YES;
				GCC_C_LANGUAGE_STANDARD = gnu11;
				GCC_NO_COMMON_BLOCKS = YES;
				GCC_WARN_64_TO_32_BIT_CONVERSION = YES;
				GCC_WARN_ABOUT_RETURN_TYPE = YES_ERROR;
				GCC_WARN_UNDECLARED_SELECTOR = YES;
				GCC_WARN_UNINITIALIZED_AUTOS = YES_AGGRESSIVE;
				GCC_WARN_UNUSED_FUNCTION = YES;
				GCC_WARN_UNUSED_VARIABLE = YES;
				IPHONEOS_DEPLOYMENT_TARGET = 14.0;
				MTL_ENABLE_DEBUG_INFO = NO;
				MTL_FAST_MATH = YES;
				SDKROOT = iphoneos;
				SWIFT_COMPILATION_MODE = wholemodule;
				SWIFT_OPTIMIZATION_LEVEL = "-O";
				VALIDATE_PRODUCT = YES;
			};
			name = Release;
		};
		CA33C40E2551FDD700DDF00B /* Debug */ = {
			isa = XCBuildConfiguration;
			buildSettings = {
				ASSETCATALOG_COMPILER_APPICON_NAME = AppIcon;
				ASSETCATALOG_COMPILER_GLOBAL_ACCENT_COLOR_NAME = AccentColor;
				CODE_SIGN_ENTITLEMENTS = "H4X0R News/H4X0R News.entitlements";
				CODE_SIGN_STYLE = Automatic;
				DEVELOPMENT_ASSET_PATHS = "\"H4X0R News/Preview Content\"";
				ENABLE_PREVIEWS = YES;
				INFOPLIST_FILE = "H4X0R News/Info.plist";
				LD_RUNPATH_SEARCH_PATHS = (
					"$(inherited)",
					"@executable_path/Frameworks",
				);
				PRODUCT_BUNDLE_IDENTIFIER = "olga.com.H4X0R-News";
				PRODUCT_NAME = "$(TARGET_NAME)";
				SUPPORTS_MACCATALYST = NO;
				SWIFT_VERSION = 5.0;
				TARGETED_DEVICE_FAMILY = "1,2";
			};
			name = Debug;
		};
		CA33C40F2551FDD700DDF00B /* Release */ = {
			isa = XCBuildConfiguration;
			buildSettings = {
				ASSETCATALOG_COMPILER_APPICON_NAME = AppIcon;
				ASSETCATALOG_COMPILER_GLOBAL_ACCENT_COLOR_NAME = AccentColor;
				CODE_SIGN_ENTITLEMENTS = "H4X0R News/H4X0R News.entitlements";
				CODE_SIGN_STYLE = Automatic;
				DEVELOPMENT_ASSET_PATHS = "\"H4X0R News/Preview Content\"";
				ENABLE_PREVIEWS = YES;
				INFOPLIST_FILE = "H4X0R News/Info.plist";
				LD_RUNPATH_SEARCH_PATHS = (
					"$(inherited)",
					"@executable_path/Frameworks",
				);
				PRODUCT_BUNDLE_IDENTIFIER = "olga.com.H4X0R-News";
				PRODUCT_NAME = "$(TARGET_NAME)";
				SUPPORTS_MACCATALYST = NO;
				SWIFT_VERSION = 5.0;
				TARGETED_DEVICE_FAMILY = "1,2";
			};
			name = Release;
		};
/* End XCBuildConfiguration section */

/* Begin XCConfigurationList section */
		CA33C3F42551FDD600DDF00B /* Build configuration list for PBXProject "H4X0R News" */ = {
			isa = XCConfigurationList;
			buildConfigurations = (
				CA33C40B2551FDD700DDF00B /* Debug */,
				CA33C40C2551FDD700DDF00B /* Release */,
			);
			defaultConfigurationIsVisible = 0;
			defaultConfigurationName = Release;
		};
		CA33C40D2551FDD700DDF00B /* Build configuration list for PBXNativeTarget "H4X0R News" */ = {
			isa = XCConfigurationList;
			buildConfigurations = (
				CA33C40E2551FDD700DDF00B /* Debug */,
				CA33C40F2551FDD700DDF00B /* Release */,
			);
			defaultConfigurationIsVisible = 0;
			defaultConfigurationName = Release;
		};
/* End XCConfigurationList section */
	};
	rootObject = CA33C3F12551FDD600DDF00B /* Project object */;
}
